// !$*UTF8*$!
{
	archiveVersion = 1;
	classes = {
	};
	objectVersion = 50;
	objects = {

/* Begin PBXBuildFile section */
		3149E70326B0003D0022411A /* AppDelegate.swift in Sources */ = {isa = PBXBuildFile; fileRef = 3149E70226B0003D0022411A /* AppDelegate.swift */; };
		3149E70526B0003D0022411A /* SceneDelegate.swift in Sources */ = {isa = PBXBuildFile; fileRef = 3149E70426B0003D0022411A /* SceneDelegate.swift */; };
		3149E70726B0003D0022411A /* ViewController.swift in Sources */ = {isa = PBXBuildFile; fileRef = 3149E70626B0003D0022411A /* ViewController.swift */; };
		3149E70A26B0003D0022411A /* Main.storyboard in Resources */ = {isa = PBXBuildFile; fileRef = 3149E70826B0003D0022411A /* Main.storyboard */; };
		3149E70C26B0003F0022411A /* Assets.xcassets in Resources */ = {isa = PBXBuildFile; fileRef = 3149E70B26B0003F0022411A /* Assets.xcassets */; };
		3149E70F26B0003F0022411A /* LaunchScreen.storyboard in Resources */ = {isa = PBXBuildFile; fileRef = 3149E70D26B0003F0022411A /* LaunchScreen.storyboard */; };
		3149E71726B010B50022411A /* TwoLineButton.swift in Sources */ = {isa = PBXBuildFile; fileRef = 3149E71626B010B50022411A /* TwoLineButton.swift */; };
		3149E71926B03C0B0022411A /* iconCustomButton.swift in Sources */ = {isa = PBXBuildFile; fileRef = 3149E71826B03C0B0022411A /* iconCustomButton.swift */; };
/* End PBXBuildFile section */

/* Begin PBXFileReference section */
		3149E6FF26B0003D0022411A /* ProgramaticUIbutton.app */ = {isa = PBXFileReference; explicitFileType = wrapper.application; includeInIndex = 0; path = ProgramaticUIbutton.app; sourceTree = BUILT_PRODUCTS_DIR; };
		3149E70226B0003D0022411A /* AppDelegate.swift */ = {isa = PBXFileReference; lastKnownFileType = sourcecode.swift; path = AppDelegate.swift; sourceTree = "<group>"; };
		3149E70426B0003D0022411A /* SceneDelegate.swift */ = {isa = PBXFileReference; lastKnownFileType = sourcecode.swift; path = SceneDelegate.swift; sourceTree = "<group>"; };
		3149E70626B0003D0022411A /* ViewController.swift */ = {isa = PBXFileReference; lastKnownFileType = sourcecode.swift; path = ViewController.swift; sourceTree = "<group>"; };
		3149E70926B0003D0022411A /* Base */ = {isa = PBXFileReference; lastKnownFileType = file.storyboard; name = Base; path = Base.lproj/Main.storyboard; sourceTree = "<group>"; };
		3149E70B26B0003F0022411A /* Assets.xcassets */ = {isa = PBXFileReference; lastKnownFileType = folder.assetcatalog; path = Assets.xcassets; sourceTree = "<group>"; };
		3149E70E26B0003F0022411A /* Base */ = {isa = PBXFileReference; lastKnownFileType = file.storyboard; name = Base; path = Base.lproj/LaunchScreen.storyboard; sourceTree = "<group>"; };
		3149E71026B0003F0022411A /* Info.plist */ = {isa = PBXFileReference; lastKnownFileType = text.plist.xml; path = Info.plist; sourceTree = "<group>"; };
		3149E71626B010B50022411A /* TwoLineButton.swift */ = {isa = PBXFileReference; lastKnownFileType = sourcecode.swift; path = TwoLineButton.swift; sourceTree = "<group>"; };
		3149E71826B03C0B0022411A /* iconCustomButton.swift */ = {isa = PBXFileReference; lastKnownFileType = sourcecode.swift; path = iconCustomButton.swift; sourceTree = "<group>"; };
/* End PBXFileReference section */

/* Begin PBXFrameworksBuildPhase section */
		3149E6FC26B0003D0022411A /* Frameworks */ = {
			isa = PBXFrameworksBuildPhase;
			buildActionMask = 2147483647;
			files = (
			);
			runOnlyForDeploymentPostprocessing = 0;
		};
/* End PBXFrameworksBuildPhase section */

/* Begin PBXGroup section */
		3149E6F626B0003D0022411A = {
			isa = PBXGroup;
			children = (
				3149E70126B0003D0022411A /* ProgramaticUIbutton */,
				3149E70026B0003D0022411A /* Products */,
			);
			sourceTree = "<group>";
		};
		3149E70026B0003D0022411A /* Products */ = {
			isa = PBXGroup;
			children = (
				3149E6FF26B0003D0022411A /* ProgramaticUIbutton.app */,
			);
			name = Products;
			sourceTree = "<group>";
		};
		3149E70126B0003D0022411A /* ProgramaticUIbutton */ = {
			isa = PBXGroup;
			children = (
				3149E70226B0003D0022411A /* AppDelegate.swift */,
				3149E70426B0003D0022411A /* SceneDelegate.swift */,
				3149E70626B0003D0022411A /* ViewController.swift */,
				3149E71826B03C0B0022411A /* iconCustomButton.swift */,
				3149E71626B010B50022411A /* TwoLineButton.swift */,
				3149E70826B0003D0022411A /* Main.storyboard */,
				3149E70B26B0003F0022411A /* Assets.xcassets */,
				3149E70D26B0003F0022411A /* LaunchScreen.storyboard */,
				3149E71026B0003F0022411A /* Info.plist */,
			);
			path = ProgramaticUIbutton;
			sourceTree = "<group>";
		};
/* End PBXGroup section */

/* Begin PBXNativeTarget section */
		3149E6FE26B0003D0022411A /* ProgramaticUIbutton */ = {
			isa = PBXNativeTarget;
			buildConfigurationList = 3149E71326B0003F0022411A /* Build configuration list for PBXNativeTarget "ProgramaticUIbutton" */;
			buildPhases = (
				3149E6FB26B0003D0022411A /* Sources */,
				3149E6FC26B0003D0022411A /* Frameworks */,
				3149E6FD26B0003D0022411A /* Resources */,
			);
			buildRules = (
			);
			dependencies = (
			);
			name = ProgramaticUIbutton;
			productName = ProgramaticUIbutton;
			productReference = 3149E6FF26B0003D0022411A /* ProgramaticUIbutton.app */;
			productType = "com.apple.product-type.application";
		};
/* End PBXNativeTarget section */

/* Begin PBXProject section */
		3149E6F726B0003D0022411A /* Project object */ = {
			isa = PBXProject;
			attributes = {
				LastSwiftUpdateCheck = 1250;
				LastUpgradeCheck = 1250;
				TargetAttributes = {
					3149E6FE26B0003D0022411A = {
						CreatedOnToolsVersion = 12.5.1;
					};
				};
			};
			buildConfigurationList = 3149E6FA26B0003D0022411A /* Build configuration list for PBXProject "ProgramaticUIbutton" */;
			compatibilityVersion = "Xcode 9.3";
			developmentRegion = en;
			hasScannedForEncodings = 0;
			knownRegions = (
				en,
				Base,
			);
			mainGroup = 3149E6F626B0003D0022411A;
			productRefGroup = 3149E70026B0003D0022411A /* Products */;
			projectDirPath = "";
			projectRoot = "";
			targets = (
				3149E6FE26B0003D0022411A /* ProgramaticUIbutton */,
			);
		};
/* End PBXProject section */

/* Begin PBXResourcesBuildPhase section */
		3149E6FD26B0003D0022411A /* Resources */ = {
			isa = PBXResourcesBuildPhase;
			buildActionMask = 2147483647;
			files = (
				3149E70F26B0003F0022411A /* LaunchScreen.storyboard in Resources */,
				3149E70C26B0003F0022411A /* Assets.xcassets in Resources */,
				3149E70A26B0003D0022411A /* Main.storyboard in Resources */,
			);
			runOnlyForDeploymentPostprocessing = 0;
		};
/* End PBXResourcesBuildPhase section */

/* Begin PBXSourcesBuildPhase section */
		3149E6FB26B0003D0022411A /* Sources */ = {
			isa = PBXSourcesBuildPhase;
			buildActionMask = 2147483647;
			files = (
				3149E70726B0003D0022411A /* ViewController.swift in Sources */,
				3149E71926B03C0B0022411A /* iconCustomButton.swift in Sources */,
				3149E71726B010B50022411A /* TwoLineButton.swift in Sources */,
				3149E70326B0003D0022411A /* AppDelegate.swift in Sources */,
				3149E70526B0003D0022411A /* SceneDelegate.swift in Sources */,
			);
			runOnlyForDeploymentPostprocessing = 0;
		};
/* End PBXSourcesBuildPhase section */

/* Begin PBXVariantGroup section */
		3149E70826B0003D0022411A /* Main.storyboard */ = {
			isa = PBXVariantGroup;
			children = (
				3149E70926B0003D0022411A /* Base */,
			);
			name = Main.storyboard;
			sourceTree = "<group>";
		};
		3149E70D26B0003F0022411A /* LaunchScreen.storyboard */ = {
			isa = PBXVariantGroup;
			children = (
				3149E70E26B0003F0022411A /* Base */,
			);
			name = LaunchScreen.storyboard;
			sourceTree = "<group>";
		};
/* End PBXVariantGroup section */

/* Begin XCBuildConfiguration section */
		3149E71126B0003F0022411A /* Debug */ = {
			isa = XCBuildConfiguration;
			buildSettings = {
				ALWAYS_SEARCH_USER_PATHS = NO;
				CLANG_ANALYZER_NONNULL = YES;
				CLANG_ANALYZER_NUMBER_OBJECT_CONVERSION = YES_AGGRESSIVE;
				CLANG_CXX_LANGUAGE_STANDARD = "gnu++14";
				CLANG_CXX_LIBRARY = "libc++";
				CLANG_ENABLE_MODULES = YES;
				CLANG_ENABLE_OBJC_ARC = YES;
				CLANG_ENABLE_OBJC_WEAK = YES;
				CLANG_WARN_BLOCK_CAPTURE_AUTORELEASING = YES;
				CLANG_WARN_BOOL_CONVERSION = YES;
				CLANG_WARN_COMMA = YES;
				CLANG_WARN_CONSTANT_CONVERSION = YES;
				CLANG_WARN_DEPRECATED_OBJC_IMPLEMENTATIONS = YES;
				CLANG_WARN_DIRECT_OBJC_ISA_USAGE = YES_ERROR;
				CLANG_WARN_DOCUMENTATION_COMMENTS = YES;
				CLANG_WARN_EMPTY_BODY = YES;
				CLANG_WARN_ENUM_CONVERSION = YES;
				CLANG_WARN_INFINITE_RECURSION = YES;
				CLANG_WARN_INT_CONVERSION = YES;
				CLANG_WARN_NON_LITERAL_NULL_CONVERSION = YES;
				CLANG_WARN_OBJC_IMPLICIT_RETAIN_SELF = YES;
				CLANG_WARN_OBJC_LITERAL_CONVERSION = YES;
				CLANG_WARN_OBJC_ROOT_CLASS = YES_ERROR;
				CLANG_WARN_QUOTED_INCLUDE_IN_FRAMEWORK_HEADER = YES;
				CLANG_WARN_RANGE_LOOP_ANALYSIS = YES;
				CLANG_WARN_STRICT_PROTOTYPES = YES;
				CLANG_WARN_SUSPICIOUS_MOVE = YES;
				CLANG_WARN_UNGUARDED_AVAILABILITY = YES_AGGRESSIVE;
				CLANG_WARN_UNREACHABLE_CODE = YES;
				CLANG_WARN__DUPLICATE_METHOD_MATCH = YES;
				COPY_PHASE_STRIP = NO;
				DEBUG_INFORMATION_FORMAT = dwarf;
				ENABLE_STRICT_OBJC_MSGSEND = YES;
				ENABLE_TESTABILITY = YES;
				GCC_C_LANGUAGE_STANDARD = gnu11;
				GCC_DYNAMIC_NO_PIC = NO;
				GCC_NO_COMMON_BLOCKS = YES;
				GCC_OPTIMIZATION_LEVEL = 0;
				GCC_PREPROCESSOR_DEFINITIONS = (
					"DEBUG=1",
					"$(inherited)",
				);
				GCC_WARN_64_TO_32_BIT_CONVERSION = YES;
				GCC_WARN_ABOUT_RETURN_TYPE = YES_ERROR;
				GCC_WARN_UNDECLARED_SELECTOR = YES;
				GCC_WARN_UNINITIALIZED_AUTOS = YES_AGGRESSIVE;
				GCC_WARN_UNUSED_FUNCTION = YES;
				GCC_WARN_UNUSED_VARIABLE = YES;
				IPHONEOS_DEPLOYMENT_TARGET = 14.5;
				MTL_ENABLE_DEBUG_INFO = INCLUDE_SOURCE;
				MTL_FAST_MATH = YES;
				ONLY_ACTIVE_ARCH = YES;
				SDKROOT = iphoneos;
				SWIFT_ACTIVE_COMPILATION_CONDITIONS = DEBUG;
				SWIFT_OPTIMIZATION_LEVEL = "-Onone";
			};
			name = Debug;
		};
		3149E71226B0003F0022411A /* Release */ = {
			isa = XCBuildConfiguration;
			buildSettings = {
				ALWAYS_SEARCH_USER_PATHS = NO;
				CLANG_ANALYZER_NONNULL = YES;
				CLANG_ANALYZER_NUMBER_OBJECT_CONVERSION = YES_AGGRESSIVE;
				CLANG_CXX_LANGUAGE_STANDARD = "gnu++14";
				CLANG_CXX_LIBRARY = "libc++";
				CLANG_ENABLE_MODULES = YES;
				CLANG_ENABLE_OBJC_ARC = YES;
				CLANG_ENABLE_OBJC_WEAK = YES;
				CLANG_WARN_BLOCK_CAPTURE_AUTORELEASING = YES;
				CLANG_WARN_BOOL_CONVERSION = YES;
				CLANG_WARN_COMMA = YES;
				CLANG_WARN_CONSTANT_CONVERSION = YES;
				CLANG_WARN_DEPRECATED_OBJC_IMPLEMENTATIONS = YES;
				CLANG_WARN_DIRECT_OBJC_ISA_USAGE = YES_ERROR;
				CLANG_WARN_DOCUMENTATION_COMMENTS = YES;
				CLANG_WARN_EMPTY_BODY = YES;
				CLANG_WARN_ENUM_CONVERSION = YES;
				CLANG_WARN_INFINITE_RECURSION = YES;
				CLANG_WARN_INT_CONVERSION = YES;
				CLANG_WARN_NON_LITERAL_NULL_CONVERSION = YES;
				CLANG_WARN_OBJC_IMPLICIT_RETAIN_SELF = YES;
				CLANG_WARN_OBJC_LITERAL_CONVERSION = YES;
				CLANG_WARN_OBJC_ROOT_CLASS = YES_ERROR;
				CLANG_WARN_QUOTED_INCLUDE_IN_FRAMEWORK_HEADER = YES;
				CLANG_WARN_RANGE_LOOP_ANALYSIS = YES;
				CLANG_WARN_STRICT_PROTOTYPES = YES;
				CLANG_WARN_SUSPICIOUS_MOVE = YES;
				CLANG_WARN_UNGUARDED_AVAILABILITY = YES_AGGRESSIVE;
				CLANG_WARN_UNREACHABLE_CODE = YES;
				CLANG_WARN__DUPLICATE_METHOD_MATCH = YES;
				COPY_PHASE_STRIP = NO;
				DEBUG_INFORMATION_FORMAT = "dwarf-with-dsym";
				ENABLE_NS_ASSERTIONS = NO;
				ENABLE_STRICT_OBJC_MSGSEND = YES;
				GCC_C_LANGUAGE_STANDARD = gnu11;
				GCC_NO_COMMON_BLOCKS = YES;
				GCC_WARN_64_TO_32_BIT_CONVERSION = YES;
				GCC_WARN_ABOUT_RETURN_TYPE = YES_ERROR;
				GCC_WARN_UNDECLARED_SELECTOR = YES;
				GCC_WARN_UNINITIALIZED_AUTOS = YES_AGGRESSIVE;
				GCC_WARN_UNUSED_FUNCTION = YES;
				GCC_WARN_UNUSED_VARIABLE = YES;
				IPHONEOS_DEPLOYMENT_TARGET = 14.5;
				MTL_ENABLE_DEBUG_INFO = NO;
				MTL_FAST_MATH = YES;
				SDKROOT = iphoneos;
				SWIFT_COMPILATION_MODE = wholemodule;
				SWIFT_OPTIMIZATION_LEVEL = "-O";
				VALIDATE_PRODUCT = YES;
			};
			name = Release;
		};
		3149E71426B0003F0022411A /* Debug */ = {
			isa = XCBuildConfiguration;
			buildSettings = {
				ASSETCATALOG_COMPILER_APPICON_NAME = AppIcon;
				ASSETCATALOG_COMPILER_GLOBAL_ACCENT_COLOR_NAME = AccentColor;
				CODE_SIGN_STYLE = Automatic;
				DEVELOPMENT_TEAM = 7DY6Z945T9;
				INFOPLIST_FILE = ProgramaticUIbutton/Info.plist;
				LD_RUNPATH_SEARCH_PATHS = (
					"$(inherited)",
					"@executable_path/Frameworks",
				);
				PRODUCT_BUNDLE_IDENTIFIER = klioop.ProgramaticUIbutton;
				PRODUCT_NAME = "$(TARGET_NAME)";
				SWIFT_VERSION = 5.0;
				TARGETED_DEVICE_FAMILY = "1,2";
			};
			name = Debug;
		};
		3149E71526B0003F0022411A /* Release */ = {
			isa = XCBuildConfiguration;
			buildSettings = {
				ASSETCATALOG_COMPILER_APPICON_NAME = AppIcon;
				ASSETCATALOG_COMPILER_GLOBAL_ACCENT_COLOR_NAME = AccentColor;
				CODE_SIGN_STYLE = Automatic;
				DEVELOPMENT_TEAM = 7DY6Z945T9;
				INFOPLIST_FILE = ProgramaticUIbutton/Info.plist;
				LD_RUNPATH_SEARCH_PATHS = (
					"$(inherited)",
					"@executable_path/Frameworks",
				);
				PRODUCT_BUNDLE_IDENTIFIER = klioop.ProgramaticUIbutton;
				PRODUCT_NAME = "$(TARGET_NAME)";
				SWIFT_VERSION = 5.0;
				TARGETED_DEVICE_FAMILY = "1,2";
			};
			name = Release;
		};
/* End XCBuildConfiguration section */

/* Begin XCConfigurationList section */
		3149E6FA26B0003D0022411A /* Build configuration list for PBXProject "ProgramaticUIbutton" */ = {
			isa = XCConfigurationList;
			buildConfigurations = (
				3149E71126B0003F0022411A /* Debug */,
				3149E71226B0003F0022411A /* Release */,
			);
			defaultConfigurationIsVisible = 0;
			defaultConfigurationName = Release;
		};
		3149E71326B0003F0022411A /* Build configuration list for PBXNativeTarget "ProgramaticUIbutton" */ = {
			isa = XCConfigurationList;
			buildConfigurations = (
				3149E71426B0003F0022411A /* Debug */,
				3149E71526B0003F0022411A /* Release */,
			);
			defaultConfigurationIsVisible = 0;
			defaultConfigurationName = Release;
		};
/* End XCConfigurationList section */
	};
	rootObject = 3149E6F726B0003D0022411A /* Project object */;
}
